
Microsoft Visual Studio Solution File, Format Version 12.00
# Visual Studio Version 17
VisualStudioVersion = 17.0.31903.59
MinimumVisualStudioVersion = 10.0.40219.1
Project("{2150E333-8FDC-42A3-9474-1A3956D46DE8}") = "src", "src", "{827E0CD3-B72D-47B6-A68D-7590B98EB39B}"
EndProject
Project("{2150E333-8FDC-42A3-9474-1A3956D46DE8}") = "Core", "Core", "{8D626EA8-CB54-BC41-363A-217881BEBA6E}"
EndProject
Project("{FAE04EC0-301F-11D3-BF4B-00C04F79EFBC}") = "FSEdu.Domain", "src\Core\FSEdu.Domain\FSEdu.Domain.csproj", "{339E891C-91A0-486E-90E5-FD8D858F9424}"
EndProject
Project("{FAE04EC0-301F-11D3-BF4B-00C04F79EFBC}") = "FSEdu.Application", "src\Core\FSEdu.Application\FSEdu.Application.csproj", "{075931CF-DD33-4432-BFDE-CDD30EB48316}"
EndProject
Project("{FAE04EC0-301F-11D3-BF4B-00C04F79EFBC}") = "FSEdu.Infrastructure", "src\Infrastructure\FSEdu.Infrastructure\FSEdu.Infrastructure.csproj", "{BF6AD79F-1550-4A23-9F55-EA00C8BBDDE3}"
EndProject
Project("{FAE04EC0-301F-11D3-BF4B-00C04F79EFBC}") = "FSEdu.Persistence", "src\Infrastructure\FSEdu.Persistence\FSEdu.Persistence.csproj", "{DA1A1646-318B-4B6F-98A6-14A9A2830E87}"
EndProject
Project("{FAE04EC0-301F-11D3-BF4B-00C04F79EFBC}") = "FSEdu.Identity", "src\Infrastructure\FSEdu.Identity\FSEdu.Identity.csproj", "{FDCA51AF-95C2-4AFF-9384-D2EE0028E728}"
EndProject
Project("{FAE04EC0-301F-11D3-BF4B-00C04F79EFBC}") = "FSEdu.Shared.Contracts", "src\BuildingBlocks\FSEdu.Shared.Contracts\FSEdu.Shared.Contracts.csproj", "{C678BDA4-9616-4DD8-9C71-5A43F7AD5ADC}"
EndProject
Project("{FAE04EC0-301F-11D3-BF4B-00C04F79EFBC}") = "FSEdu.Shared.Kernel", "src\BuildingBlocks\FSEdu.Shared.Kernel\FSEdu.Shared.Kernel.csproj", "{B32498E8-16B9-4B75-B91A-1DDC0D9F9680}"
EndProject
Project("{FAE04EC0-301F-11D3-BF4B-00C04F79EFBC}") = "FSEdu.Api", "src\Presentation\FSEdu.Api\FSEdu.Api.csproj", "{6EC66BB3-214A-4201-A849-A46D93E1751D}"
EndProject
Project("{FAE04EC0-301F-11D3-BF4B-00C04F79EFBC}") = "FSEdu.Web", "src\Presentation\FSEdu.Web\FSEdu.Web.csproj", "{E7608617-2910-4598-BDA2-198B1240181A}"
EndProject
Project("{FAE04EC0-301F-11D3-BF4B-00C04F79EFBC}") = "FSEdu.Web.Client", "src\Presentation\FSEdu.Web.Client\FSEdu.Web.Client.csproj", "{F1A5577E-FBAC-408B-8D86-2C0FAC6A4D55}"
EndProject
Project("{FAE04EC0-301F-11D3-BF4B-00C04F79EFBC}") = "FSEdu.Web.Shared", "src\Presentation\FSEdu.Web.Shared\FSEdu.Web.Shared.csproj", "{28FC1B4D-9723-456E-ADE6-EF1E2915EFA5}"
EndProject
Global
	GlobalSection(SolutionConfigurationPlatforms) = preSolution
		Debug|Any CPU = Debug|Any CPU
		Debug|x64 = Debug|x64
		Debug|x86 = Debug|x86
		Release|Any CPU = Release|Any CPU
		Release|x64 = Release|x64
		Release|x86 = Release|x86
	EndGlobalSection
	GlobalSection(ProjectConfigurationPlatforms) = postSolution
		{339E891C-91A0-486E-90E5-FD8D858F9424}.Debug|Any CPU.ActiveCfg = Debug|Any CPU
		{339E891C-91A0-486E-90E5-FD8D858F9424}.Debug|Any CPU.Build.0 = Debug|Any CPU
		{339E891C-91A0-486E-90E5-FD8D858F9424}.Debug|x64.ActiveCfg = Debug|Any CPU
		{339E891C-91A0-486E-90E5-FD8D858F9424}.Debug|x64.Build.0 = Debug|Any CPU
		{339E891C-91A0-486E-90E5-FD8D858F9424}.Debug|x86.ActiveCfg = Debug|Any CPU
		{339E891C-91A0-486E-90E5-FD8D858F9424}.Debug|x86.Build.0 = Debug|Any CPU
		{339E891C-91A0-486E-90E5-FD8D858F9424}.Release|Any CPU.ActiveCfg = Release|Any CPU
		{339E891C-91A0-486E-90E5-FD8D858F9424}.Release|Any CPU.Build.0 = Release|Any CPU
		{339E891C-91A0-486E-90E5-FD8D858F9424}.Release|x64.ActiveCfg = Release|Any CPU
		{339E891C-91A0-486E-90E5-FD8D858F9424}.Release|x64.Build.0 = Release|Any CPU
		{339E891C-91A0-486E-90E5-FD8D858F9424}.Release|x86.ActiveCfg = Release|Any CPU
		{339E891C-91A0-486E-90E5-FD8D858F9424}.Release|x86.Build.0 = Release|Any CPU
		{075931CF-DD33-4432-BFDE-CDD30EB48316}.Debug|Any CPU.ActiveCfg = Debug|Any CPU
		{075931CF-DD33-4432-BFDE-CDD30EB48316}.Debug|Any CPU.Build.0 = Debug|Any CPU
		{075931CF-DD33-4432-BFDE-CDD30EB48316}.Debug|x64.ActiveCfg = Debug|Any CPU
		{075931CF-DD33-4432-BFDE-CDD30EB48316}.Debug|x64.Build.0 = Debug|Any CPU
		{075931CF-DD33-4432-BFDE-CDD30EB48316}.Debug|x86.ActiveCfg = Debug|Any CPU
		{075931CF-DD33-4432-BFDE-CDD30EB48316}.Debug|x86.Build.0 = Debug|Any CPU
		{075931CF-DD33-4432-BFDE-CDD30EB48316}.Release|Any CPU.ActiveCfg = Release|Any CPU
		{075931CF-DD33-4432-BFDE-CDD30EB48316}.Release|Any CPU.Build.0 = Release|Any CPU
		{075931CF-DD33-4432-BFDE-CDD30EB48316}.Release|x64.ActiveCfg = Release|Any CPU
		{075931CF-DD33-4432-BFDE-CDD30EB48316}.Release|x64.Build.0 = Release|Any CPU
		{075931CF-DD33-4432-BFDE-CDD30EB48316}.Release|x86.ActiveCfg = Release|Any CPU
		{075931CF-DD33-4432-BFDE-CDD30EB48316}.Release|x86.Build.0 = Release|Any CPU
		{BF6AD79F-1550-4A23-9F55-EA00C8BBDDE3}.Debug|Any CPU.ActiveCfg = Debug|Any CPU
		{BF6AD79F-1550-4A23-9F55-EA00C8BBDDE3}.Debug|Any CPU.Build.0 = Debug|Any CPU
		{BF6AD79F-1550-4A23-9F55-EA00C8BBDDE3}.Debug|x64.ActiveCfg = Debug|Any CPU
		{BF6AD79F-1550-4A23-9F55-EA00C8BBDDE3}.Debug|x64.Build.0 = Debug|Any CPU
		{BF6AD79F-1550-4A23-9F55-EA00C8BBDDE3}.Debug|x86.ActiveCfg = Debug|Any CPU
		{BF6AD79F-1550-4A23-9F55-EA00C8BBDDE3}.Debug|x86.Build.0 = Debug|Any CPU
		{BF6AD79F-1550-4A23-9F55-EA00C8BBDDE3}.Release|Any CPU.ActiveCfg = Release|Any CPU
		{BF6AD79F-1550-4A23-9F55-EA00C8BBDDE3}.Release|Any CPU.Build.0 = Release|Any CPU
		{BF6AD79F-1550-4A23-9F55-EA00C8BBDDE3}.Release|x64.ActiveCfg = Release|Any CPU
		{BF6AD79F-1550-4A23-9F55-EA00C8BBDDE3}.Release|x64.Build.0 = Release|Any CPU
		{BF6AD79F-1550-4A23-9F55-EA00C8BBDDE3}.Release|x86.ActiveCfg = Release|Any CPU
		{BF6AD79F-1550-4A23-9F55-EA00C8BBDDE3}.Release|x86.Build.0 = Release|Any CPU
		{DA1A1646-318B-4B6F-98A6-14A9A2830E87}.Debug|Any CPU.ActiveCfg = Debug|Any CPU
		{DA1A1646-318B-4B6F-98A6-14A9A2830E87}.Debug|Any CPU.Build.0 = Debug|Any CPU
		{DA1A1646-318B-4B6F-98A6-14A9A2830E87}.Debug|x64.ActiveCfg = Debug|Any CPU
		{DA1A1646-318B-4B6F-98A6-14A9A2830E87}.Debug|x64.Build.0 = Debug|Any CPU
		{DA1A1646-318B-4B6F-98A6-14A9A2830E87}.Debug|x86.ActiveCfg = Debug|Any CPU
		{DA1A1646-318B-4B6F-98A6-14A9A2830E87}.Debug|x86.Build.0 = Debug|Any CPU
		{DA1A1646-318B-4B6F-98A6-14A9A2830E87}.Release|Any CPU.ActiveCfg = Release|Any CPU
		{DA1A1646-318B-4B6F-98A6-14A9A2830E87}.Release|Any CPU.Build.0 = Release|Any CPU
		{DA1A1646-318B-4B6F-98A6-14A9A2830E87}.Release|x64.ActiveCfg = Release|Any CPU
		{DA1A1646-318B-4B6F-98A6-14A9A2830E87}.Release|x64.Build.0 = Release|Any CPU
		{DA1A1646-318B-4B6F-98A6-14A9A2830E87}.Release|x86.ActiveCfg = Release|Any CPU
		{DA1A1646-318B-4B6F-98A6-14A9A2830E87}.Release|x86.Build.0 = Release|Any CPU
		{FDCA51AF-95C2-4AFF-9384-D2EE0028E728}.Debug|Any CPU.ActiveCfg = Debug|Any CPU
		{FDCA51AF-95C2-4AFF-9384-D2EE0028E728}.Debug|Any CPU.Build.0 = Debug|Any CPU
		{FDCA51AF-95C2-4AFF-9384-D2EE0028E728}.Debug|x64.ActiveCfg = Debug|Any CPU
		{FDCA51AF-95C2-4AFF-9384-D2EE0028E728}.Debug|x64.Build.0 = Debug|Any CPU
		{FDCA51AF-95C2-4AFF-9384-D2EE0028E728}.Debug|x86.ActiveCfg = Debug|Any CPU
		{FDCA51AF-95C2-4AFF-9384-D2EE0028E728}.Debug|x86.Build.0 = Debug|Any CPU
		{FDCA51AF-95C2-4AFF-9384-D2EE0028E728}.Release|Any CPU.ActiveCfg = Release|Any CPU
		{FDCA51AF-95C2-4AFF-9384-D2EE0028E728}.Release|Any CPU.Build.0 = Release|Any CPU
		{FDCA51AF-95C2-4AFF-9384-D2EE0028E728}.Release|x64.ActiveCfg = Release|Any CPU
		{FDCA51AF-95C2-4AFF-9384-D2EE0028E728}.Release|x64.Build.0 = Release|Any CPU
		{FDCA51AF-95C2-4AFF-9384-D2EE0028E728}.Release|x86.ActiveCfg = Release|Any CPU
		{FDCA51AF-95C2-4AFF-9384-D2EE0028E728}.Release|x86.Build.0 = Release|Any CPU
		{C678BDA4-9616-4DD8-9C71-5A43F7AD5ADC}.Debug|Any CPU.ActiveCfg = Debug|Any CPU
		{C678BDA4-9616-4DD8-9C71-5A43F7AD5ADC}.Debug|Any CPU.Build.0 = Debug|Any CPU
		{C678BDA4-9616-4DD8-9C71-5A43F7AD5ADC}.Debug|x64.ActiveCfg = Debug|Any CPU
		{C678BDA4-9616-4DD8-9C71-5A43F7AD5ADC}.Debug|x64.Build.0 = Debug|Any CPU
		{C678BDA4-9616-4DD8-9C71-5A43F7AD5ADC}.Debug|x86.ActiveCfg = Debug|Any CPU
		{C678BDA4-9616-4DD8-9C71-5A43F7AD5ADC}.Debug|x86.Build.0 = Debug|Any CPU
		{C678BDA4-9616-4DD8-9C71-5A43F7AD5ADC}.Release|Any CPU.ActiveCfg = Release|Any CPU
		{C678BDA4-9616-4DD8-9C71-5A43F7AD5ADC}.Release|Any CPU.Build.0 = Release|Any CPU
		{C678BDA4-9616-4DD8-9C71-5A43F7AD5ADC}.Release|x64.ActiveCfg = Release|Any CPU
		{C678BDA4-9616-4DD8-9C71-5A43F7AD5ADC}.Release|x64.Build.0 = Release|Any CPU
		{C678BDA4-9616-4DD8-9C71-5A43F7AD5ADC}.Release|x86.ActiveCfg = Release|Any CPU
		{C678BDA4-9616-4DD8-9C71-5A43F7AD5ADC}.Release|x86.Build.0 = Release|Any CPU
		{B32498E8-16B9-4B75-B91A-1DDC0D9F9680}.Debug|Any CPU.ActiveCfg = Debug|Any CPU
		{B32498E8-16B9-4B75-B91A-1DDC0D9F9680}.Debug|Any CPU.Build.0 = Debug|Any CPU
		{B32498E8-16B9-4B75-B91A-1DDC0D9F9680}.Debug|x64.ActiveCfg = Debug|Any CPU
		{B32498E8-16B9-4B75-B91A-1DDC0D9F9680}.Debug|x64.Build.0 = Debug|Any CPU
		{B32498E8-16B9-4B75-B91A-1DDC0D9F9680}.Debug|x86.ActiveCfg = Debug|Any CPU
		{B32498E8-16B9-4B75-B91A-1DDC0D9F9680}.Debug|x86.Build.0 = Debug|Any CPU
		{B32498E8-16B9-4B75-B91A-1DDC0D9F9680}.Release|Any CPU.ActiveCfg = Release|Any CPU
		{B32498E8-16B9-4B75-B91A-1DDC0D9F9680}.Release|Any CPU.Build.0 = Release|Any CPU
		{B32498E8-16B9-4B75-B91A-1DDC0D9F9680}.Release|x64.ActiveCfg = Release|Any CPU
		{B32498E8-16B9-4B75-B91A-1DDC0D9F9680}.Release|x64.Build.0 = Release|Any CPU
		{B32498E8-16B9-4B75-B91A-1DDC0D9F9680}.Release|x86.ActiveCfg = Release|Any CPU
		{B32498E8-16B9-4B75-B91A-1DDC0D9F9680}.Release|x86.Build.0 = Release|Any CPU
		{6EC66BB3-214A-4201-A849-A46D93E1751D}.Debug|Any CPU.ActiveCfg = Debug|Any CPU
		{6EC66BB3-214A-4201-A849-A46D93E1751D}.Debug|Any CPU.Build.0 = Debug|Any CPU
		{6EC66BB3-214A-4201-A849-A46D93E1751D}.Debug|x64.ActiveCfg = Debug|Any CPU
		{6EC66BB3-214A-4201-A849-A46D93E1751D}.Debug|x64.Build.0 = Debug|Any CPU
		{6EC66BB3-214A-4201-A849-A46D93E1751D}.Debug|x86.ActiveCfg = Debug|Any CPU
		{6EC66BB3-214A-4201-A849-A46D93E1751D}.Debug|x86.Build.0 = Debug|Any CPU
		{6EC66BB3-214A-4201-A849-A46D93E1751D}.Release|Any CPU.ActiveCfg = Release|Any CPU
		{6EC66BB3-214A-4201-A849-A46D93E1751D}.Release|Any CPU.Build.0 = Release|Any CPU
		{6EC66BB3-214A-4201-A849-A46D93E1751D}.Release|x64.ActiveCfg = Release|Any CPU
		{6EC66BB3-214A-4201-A849-A46D93E1751D}.Release|x64.Build.0 = Release|Any CPU
		{6EC66BB3-214A-4201-A849-A46D93E1751D}.Release|x86.ActiveCfg = Release|Any CPU
		{6EC66BB3-214A-4201-A849-A46D93E1751D}.Release|x86.Build.0 = Release|Any CPU
		{E7608617-2910-4598-BDA2-198B1240181A}.Debug|Any CPU.ActiveCfg = Debug|Any CPU
		{E7608617-2910-4598-BDA2-198B1240181A}.Debug|Any CPU.Build.0 = Debug|Any CPU
		{E7608617-2910-4598-BDA2-198B1240181A}.Debug|x64.ActiveCfg = Debug|Any CPU
		{E7608617-2910-4598-BDA2-198B1240181A}.Debug|x64.Build.0 = Debug|Any CPU
		{E7608617-2910-4598-BDA2-198B1240181A}.Debug|x86.ActiveCfg = Debug|Any CPU
		{E7608617-2910-4598-BDA2-198B1240181A}.Debug|x86.Build.0 = Debug|Any CPU
		{E7608617-2910-4598-BDA2-198B1240181A}.Release|Any CPU.ActiveCfg = Release|Any CPU
		{E7608617-2910-4598-BDA2-198B1240181A}.Release|Any CPU.Build.0 = Release|Any CPU
		{E7608617-2910-4598-BDA2-198B1240181A}.Release|x64.ActiveCfg = Release|Any CPU
		{E7608617-2910-4598-BDA2-198B1240181A}.Release|x64.Build.0 = Release|Any CPU
		{E7608617-2910-4598-BDA2-198B1240181A}.Release|x86.ActiveCfg = Release|Any CPU
		{E7608617-2910-4598-BDA2-198B1240181A}.Release|x86.Build.0 = Release|Any CPU
		{F1A5577E-FBAC-408B-8D86-2C0FAC6A4D55}.Debug|Any CPU.ActiveCfg = Debug|Any CPU
		{F1A5577E-FBAC-408B-8D86-2C0FAC6A4D55}.Debug|Any CPU.Build.0 = Debug|Any CPU
		{F1A5577E-FBAC-408B-8D86-2C0FAC6A4D55}.Debug|x64.ActiveCfg = Debug|Any CPU
		{F1A5577E-FBAC-408B-8D86-2C0FAC6A4D55}.Debug|x64.Build.0 = Debug|Any CPU
		{F1A5577E-FBAC-408B-8D86-2C0FAC6A4D55}.Debug|x86.ActiveCfg = Debug|Any CPU
		{F1A5577E-FBAC-408B-8D86-2C0FAC6A4D55}.Debug|x86.Build.0 = Debug|Any CPU
		{F1A5577E-FBAC-408B-8D86-2C0FAC6A4D55}.Release|Any CPU.ActiveCfg = Release|Any CPU
		{F1A5577E-FBAC-408B-8D86-2C0FAC6A4D55}.Release|Any CPU.Build.0 = Release|Any CPU
		{F1A5577E-FBAC-408B-8D86-2C0FAC6A4D55}.Release|x64.ActiveCfg = Release|Any CPU
		{F1A5577E-FBAC-408B-8D86-2C0FAC6A4D55}.Release|x64.Build.0 = Release|Any CPU
		{F1A5577E-FBAC-408B-8D86-2C0FAC6A4D55}.Release|x86.ActiveCfg = Release|Any CPU
		{F1A5577E-FBAC-408B-8D86-2C0FAC6A4D55}.Release|x86.Build.0 = Release|Any CPU
		{28FC1B4D-9723-456E-ADE6-EF1E2915EFA5}.Debug|Any CPU.ActiveCfg = Debug|Any CPU
		{28FC1B4D-9723-456E-ADE6-EF1E2915EFA5}.Debug|Any CPU.Build.0 = Debug|Any CPU
		{28FC1B4D-9723-456E-ADE6-EF1E2915EFA5}.Debug|x64.ActiveCfg = Debug|Any CPU
		{28FC1B4D-9723-456E-ADE6-EF1E2915EFA5}.Debug|x64.Build.0 = Debug|Any CPU
		{28FC1B4D-9723-456E-ADE6-EF1E2915EFA5}.Debug|x86.ActiveCfg = Debug|Any CPU
		{28FC1B4D-9723-456E-ADE6-EF1E2915EFA5}.Debug|x86.Build.0 = Debug|Any CPU
		{28FC1B4D-9723-456E-ADE6-EF1E2915EFA5}.Release|Any CPU.ActiveCfg = Release|Any CPU
		{28FC1B4D-9723-456E-ADE6-EF1E2915EFA5}.Release|Any CPU.Build.0 = Release|Any CPU
		{28FC1B4D-9723-456E-ADE6-EF1E2915EFA5}.Release|x64.ActiveCfg = Release|Any CPU
		{28FC1B4D-9723-456E-ADE6-EF1E2915EFA5}.Release|x64.Build.0 = Release|Any CPU
		{28FC1B4D-9723-456E-ADE6-EF1E2915EFA5}.Release|x86.ActiveCfg = Release|Any CPU
		{28FC1B4D-9723-456E-ADE6-EF1E2915EFA5}.Release|x86.Build.0 = Release|Any CPU
	EndGlobalSection
	GlobalSection(SolutionProperties) = preSolution
		HideSolutionNode = FALSE
	EndGlobalSection
	GlobalSection(NestedProjects) = preSolution
		{8D626EA8-CB54-BC41-363A-217881BEBA6E} = {827E0CD3-B72D-47B6-A68D-7590B98EB39B}
		{339E891C-91A0-486E-90E5-FD8D858F9424} = {8D626EA8-CB54-BC41-363A-217881BEBA6E}
		{075931CF-DD33-4432-BFDE-CDD30EB48316} = {8D626EA8-CB54-BC41-363A-217881BEBA6E}
		{BF6AD79F-1550-4A23-9F55-EA00C8BBDDE3} = {8D626EA8-CB54-BC41-363A-217881BEBA6E}
		{DA1A1646-318B-4B6F-98A6-14A9A2830E87} = {8D626EA8-CB54-BC41-363A-217881BEBA6E}
		{FDCA51AF-95C2-4AFF-9384-D2EE0028E728} = {8D626EA8-CB54-BC41-363A-217881BEBA6E}
		{C678BDA4-9616-4DD8-9C71-5A43F7AD5ADC} = {8D626EA8-CB54-BC41-363A-217881BEBA6E}
		{B32498E8-16B9-4B75-B91A-1DDC0D9F9680} = {8D626EA8-CB54-BC41-363A-217881BEBA6E}
		{6EC66BB3-214A-4201-A849-A46D93E1751D} = {8D626EA8-CB54-BC41-363A-217881BEBA6E}
		{E7608617-2910-4598-BDA2-198B1240181A} = {8D626EA8-CB54-BC41-363A-217881BEBA6E}
		{F1A5577E-FBAC-408B-8D86-2C0FAC6A4D55} = {8D626EA8-CB54-BC41-363A-217881BEBA6E}
		{28FC1B4D-9723-456E-ADE6-EF1E2915EFA5} = {8D626EA8-CB54-BC41-363A-217881BEBA6E}
	EndGlobalSection
EndGlobal
